
Microsoft Visual Studio Solution File, Format Version 12.00
# Visual Studio Version 17
VisualStudioVersion = 17.13.35913.81 d17.13
MinimumVisualStudioVersion = 10.0.40219.1
Project("{FAE04EC0-301F-11D3-BF4B-00C04F79EFBC}") = "pizza project", "pizza project.csproj", "{4A2D1CA5-1473-49B6-BC36-9F1BDDD034F1}"
EndProject
Global
	GlobalSection(SolutionConfigurationPlatforms) = preSolution
		Debug|Any CPU = Debug|Any CPU
		Release|Any CPU = Release|Any CPU
	EndGlobalSection
	GlobalSection(ProjectConfigurationPlatforms) = postSolution
		{4A2D1CA5-1473-49B6-BC36-9F1BDDD034F1}.Debug|Any CPU.ActiveCfg = Debug|Any CPU
		{4A2D1CA5-1473-49B6-BC36-9F1BDDD034F1}.Debug|Any CPU.Build.0 = Debug|Any CPU
		{4A2D1CA5-1473-49B6-BC36-9F1BDDD034F1}.Release|Any CPU.ActiveCfg = Release|Any CPU
		{4A2D1CA5-1473-49B6-BC36-9F1BDDD034F1}.Release|Any CPU.Build.0 = Release|Any CPU
	EndGlobalSection
	GlobalSection(SolutionProperties) = preSolution
		HideSolutionNode = FALSE
	EndGlobalSection
	GlobalSection(ExtensibilityGlobals) = postSolution
		SolutionGuid = {3A8AA8B2-7D48-41C2-A5F8-8F0B16EFDED8}
	EndGlobalSection
EndGlobal
